
Microsoft Visual Studio Solution File, Format Version 12.00
# Visual Studio Version 17
VisualStudioVersion = 17.3.32901.215
MinimumVisualStudioVersion = 10.0.40219.1
Project("{FAE04EC0-301F-11D3-BF4B-00C04F79EFBC}") = "Exceptionhandeling", "Exceptionhandeling\Exceptionhandeling.csproj", "{D0065267-09DF-4B2E-8DA6-A1A11471DDDB}"
EndProject
Global
	GlobalSection(SolutionConfigurationPlatforms) = preSolution
		Debug|Any CPU = Debug|Any CPU
		Release|Any CPU = Release|Any CPU
	EndGlobalSection
	GlobalSection(ProjectConfigurationPlatforms) = postSolution
		{D0065267-09DF-4B2E-8DA6-A1A11471DDDB}.Debug|Any CPU.ActiveCfg = Debug|Any CPU
		{D0065267-09DF-4B2E-8DA6-A1A11471DDDB}.Debug|Any CPU.Build.0 = Debug|Any CPU
		{D0065267-09DF-4B2E-8DA6-A1A11471DDDB}.Release|Any CPU.ActiveCfg = Release|Any CPU
		{D0065267-09DF-4B2E-8DA6-A1A11471DDDB}.Release|Any CPU.Build.0 = Release|Any CPU
	EndGlobalSection
	GlobalSection(SolutionProperties) = preSolution
		HideSolutionNode = FALSE
	EndGlobalSection
	GlobalSection(ExtensibilityGlobals) = postSolution
		SolutionGuid = {FDFEF206-3CD5-47F9-AD45-A465A0BCCCA1}
	EndGlobalSection
EndGlobal
