
Microsoft Visual Studio Solution File, Format Version 12.00
# Visual Studio Version 17
VisualStudioVersion = 17.3.32901.215
MinimumVisualStudioVersion = 10.0.40219.1
Project("{FAE04EC0-301F-11D3-BF4B-00C04F79EFBC}") = "MatrixOPOverload", "MatrixOPOverload\MatrixOPOverload.csproj", "{786FB5F6-4ACD-4478-9F9B-AA2DB9F44C9B}"
EndProject
Global
	GlobalSection(SolutionConfigurationPlatforms) = preSolution
		Debug|Any CPU = Debug|Any CPU
		Release|Any CPU = Release|Any CPU
	EndGlobalSection
	GlobalSection(ProjectConfigurationPlatforms) = postSolution
		{786FB5F6-4ACD-4478-9F9B-AA2DB9F44C9B}.Debug|Any CPU.ActiveCfg = Debug|Any CPU
		{786FB5F6-4ACD-4478-9F9B-AA2DB9F44C9B}.Debug|Any CPU.Build.0 = Debug|Any CPU
		{786FB5F6-4ACD-4478-9F9B-AA2DB9F44C9B}.Release|Any CPU.ActiveCfg = Release|Any CPU
		{786FB5F6-4ACD-4478-9F9B-AA2DB9F44C9B}.Release|Any CPU.Build.0 = Release|Any CPU
	EndGlobalSection
	GlobalSection(SolutionProperties) = preSolution
		HideSolutionNode = FALSE
	EndGlobalSection
	GlobalSection(ExtensibilityGlobals) = postSolution
		SolutionGuid = {E6F88359-82D5-4F7A-91C8-A2A7572BDB10}
	EndGlobalSection
EndGlobal
