
Microsoft Visual Studio Solution File, Format Version 12.00
# Visual Studio Version 17
VisualStudioVersion = 17.3.32901.215
MinimumVisualStudioVersion = 10.0.40219.1
Project("{FAE04EC0-301F-11D3-BF4B-00C04F79EFBC}") = "InheritanceExamples", "InheritanceExamples\InheritanceExamples.csproj", "{649DE9EB-911E-47CE-97E6-16C92C99EDA6}"
EndProject
Global
	GlobalSection(SolutionConfigurationPlatforms) = preSolution
		Debug|Any CPU = Debug|Any CPU
		Release|Any CPU = Release|Any CPU
	EndGlobalSection
	GlobalSection(ProjectConfigurationPlatforms) = postSolution
		{649DE9EB-911E-47CE-97E6-16C92C99EDA6}.Debug|Any CPU.ActiveCfg = Debug|Any CPU
		{649DE9EB-911E-47CE-97E6-16C92C99EDA6}.Debug|Any CPU.Build.0 = Debug|Any CPU
		{649DE9EB-911E-47CE-97E6-16C92C99EDA6}.Release|Any CPU.ActiveCfg = Release|Any CPU
		{649DE9EB-911E-47CE-97E6-16C92C99EDA6}.Release|Any CPU.Build.0 = Release|Any CPU
	EndGlobalSection
	GlobalSection(SolutionProperties) = preSolution
		HideSolutionNode = FALSE
	EndGlobalSection
	GlobalSection(ExtensibilityGlobals) = postSolution
		SolutionGuid = {4E6B537A-52AA-4061-A268-2DD2EAC59435}
	EndGlobalSection
EndGlobal
