
Microsoft Visual Studio Solution File, Format Version 12.00
# Visual Studio Version 17
VisualStudioVersion = 17.3.32901.215
MinimumVisualStudioVersion = 10.0.40219.1
Project("{FAE04EC0-301F-11D3-BF4B-00C04F79EFBC}") = "MethodHidingProject", "MethodHidingProject\MethodHidingProject.csproj", "{ED49216F-64D1-4537-8A94-BAF8470CD547}"
EndProject
Global
	GlobalSection(SolutionConfigurationPlatforms) = preSolution
		Debug|Any CPU = Debug|Any CPU
		Release|Any CPU = Release|Any CPU
	EndGlobalSection
	GlobalSection(ProjectConfigurationPlatforms) = postSolution
		{ED49216F-64D1-4537-8A94-BAF8470CD547}.Debug|Any CPU.ActiveCfg = Debug|Any CPU
		{ED49216F-64D1-4537-8A94-BAF8470CD547}.Debug|Any CPU.Build.0 = Debug|Any CPU
		{ED49216F-64D1-4537-8A94-BAF8470CD547}.Release|Any CPU.ActiveCfg = Release|Any CPU
		{ED49216F-64D1-4537-8A94-BAF8470CD547}.Release|Any CPU.Build.0 = Release|Any CPU
	EndGlobalSection
	GlobalSection(SolutionProperties) = preSolution
		HideSolutionNode = FALSE
	EndGlobalSection
	GlobalSection(ExtensibilityGlobals) = postSolution
		SolutionGuid = {DF615E7B-1D30-4C66-A716-6D9AEFCF6306}
	EndGlobalSection
EndGlobal
