
Microsoft Visual Studio Solution File, Format Version 12.00
# Visual Studio Version 17
VisualStudioVersion = 17.3.32901.215
MinimumVisualStudioVersion = 10.0.40219.1
Project("{FAE04EC0-301F-11D3-BF4B-00C04F79EFBC}") = "ArrayListProj", "ArrayListProj\ArrayListProj.csproj", "{92F3BEF8-1C5B-4FC8-865D-FBB26FC58AA1}"
EndProject
Global
	GlobalSection(SolutionConfigurationPlatforms) = preSolution
		Debug|Any CPU = Debug|Any CPU
		Release|Any CPU = Release|Any CPU
	EndGlobalSection
	GlobalSection(ProjectConfigurationPlatforms) = postSolution
		{92F3BEF8-1C5B-4FC8-865D-FBB26FC58AA1}.Debug|Any CPU.ActiveCfg = Debug|Any CPU
		{92F3BEF8-1C5B-4FC8-865D-FBB26FC58AA1}.Debug|Any CPU.Build.0 = Debug|Any CPU
		{92F3BEF8-1C5B-4FC8-865D-FBB26FC58AA1}.Release|Any CPU.ActiveCfg = Release|Any CPU
		{92F3BEF8-1C5B-4FC8-865D-FBB26FC58AA1}.Release|Any CPU.Build.0 = Release|Any CPU
	EndGlobalSection
	GlobalSection(SolutionProperties) = preSolution
		HideSolutionNode = FALSE
	EndGlobalSection
	GlobalSection(ExtensibilityGlobals) = postSolution
		SolutionGuid = {F3361F02-27FF-401E-A2F6-DC2B14371FA7}
	EndGlobalSection
EndGlobal
